
Microsoft Visual Studio Solution File, Format Version 12.00
# Visual Studio 2013
VisualStudioVersion = 12.0.30723.0
MinimumVisualStudioVersion = 10.0.40219.1
Project("{2150E333-8FDC-42A3-9474-1A3956D46DE8}") = "Docs", "Docs", "{56951822-5520-4E26-B824-21D09275BF64}"
EndProject
Project("{2150E333-8FDC-42A3-9474-1A3956D46DE8}") = "Sources", "Sources", "{FA87BD4F-12CE-4F9A-9810-42ED35DA330B}"
EndProject
Project("{2150E333-8FDC-42A3-9474-1A3956D46DE8}") = "Tests", "Tests", "{79F213BA-EB01-4D00-85D8-DBE99A674138}"
EndProject
Project("{2150E333-8FDC-42A3-9474-1A3956D46DE8}") = "CS", "CS", "{E7610A97-7739-4C54-9374-3E3EEB00F054}"
EndProject
Project("{2150E333-8FDC-42A3-9474-1A3956D46DE8}") = "Acceptance", "Acceptance", "{F06964F6-75ED-4C4F-93F3-242C08AF6637}"
EndProject
Project("{2150E333-8FDC-42A3-9474-1A3956D46DE8}") = "Unit", "Unit", "{FAB64F66-334F-4C15-B017-C3626007C3FA}"
EndProject
Project("{FAE04EC0-301F-11D3-BF4B-00C04F79EFBC}") = "1. Graphomania.AcceptanceTests", "Tests\Acceptance\Graphomania.AcceptanceTests\1. Graphomania.AcceptanceTests.csproj", "{CFFED2F0-A0A1-4CA8-BBF5-B1CC6982A50A}"
EndProject
Project("{FAE04EC0-301F-11D3-BF4B-00C04F79EFBC}") = "2. Graphomania.ObjectGraphInspector.AcceptanceTests", "Tests\Acceptance\Graphomania.ObjectGraphInspector.AcceptanceTests\2. Graphomania.ObjectGraphInspector.AcceptanceTests.csproj", "{12933D61-8ED5-4A31-B70E-16D0DF5F870A}"
EndProject
Project("{FAE04EC0-301F-11D3-BF4B-00C04F79EFBC}") = "2. Graphomania.ObjectGraphInspector", "Sources\CS\2. Graphomania.ObjectGraphInspector\2. Graphomania.ObjectGraphInspector.csproj", "{84EF0D91-575E-4D92-88AF-2AA417E63C93}"
EndProject
Project("{FAE04EC0-301F-11D3-BF4B-00C04F79EFBC}") = "1. Graphomania", "Sources\CS\Graphomania\1. Graphomania.csproj", "{0F0EA121-BA33-44E6-BDE0-97B9D3454DA8}"
EndProject
Project("{FAE04EC0-301F-11D3-BF4B-00C04F79EFBC}") = "DomainModel", "Tests\DomainModel\DomainModel.csproj", "{188CF324-AA27-46DE-A707-F97B5A8FC03C}"
EndProject
Project("{FAE04EC0-301F-11D3-BF4B-00C04F79EFBC}") = "Support", "Tests\Support\Support.csproj", "{2798A444-A71F-4B1F-8542-048D4674A458}"
EndProject
Project("{F088123C-0E9E-452A-89E6-6BA2F21D5CAC}") = "Graphomania.Architecture", "Docs\Graphomania.Architecture\Graphomania.Architecture.modelproj", "{5C2E8BA4-F6F0-4305-9BD9-D4722F04FCE3}"
EndProject
Project("{FAE04EC0-301F-11D3-BF4B-00C04F79EFBC}") = "Graphomania.ObjectGraphInspector.UnitTests", "Tests\Unit\Graphomania.ObjectGraphInspector\Graphomania.ObjectGraphInspector.UnitTests.csproj", "{2B12649C-886A-4F7C-A35E-ACEE97913E46}"
EndProject
Project("{FAE04EC0-301F-11D3-BF4B-00C04F79EFBC}") = "ConsoleApplication1", "ConsoleApplication1\ConsoleApplication1.csproj", "{2DCF053A-B02A-4B79-A8E4-78AE9399D7F7}"
EndProject
Global
	GlobalSection(SolutionConfigurationPlatforms) = preSolution
		Debug|Any CPU = Debug|Any CPU
		Release|Any CPU = Release|Any CPU
	EndGlobalSection
	GlobalSection(ProjectConfigurationPlatforms) = postSolution
		{CFFED2F0-A0A1-4CA8-BBF5-B1CC6982A50A}.Debug|Any CPU.ActiveCfg = Debug|Any CPU
		{CFFED2F0-A0A1-4CA8-BBF5-B1CC6982A50A}.Debug|Any CPU.Build.0 = Debug|Any CPU
		{CFFED2F0-A0A1-4CA8-BBF5-B1CC6982A50A}.Release|Any CPU.ActiveCfg = Release|Any CPU
		{CFFED2F0-A0A1-4CA8-BBF5-B1CC6982A50A}.Release|Any CPU.Build.0 = Release|Any CPU
		{12933D61-8ED5-4A31-B70E-16D0DF5F870A}.Debug|Any CPU.ActiveCfg = Debug|Any CPU
		{12933D61-8ED5-4A31-B70E-16D0DF5F870A}.Debug|Any CPU.Build.0 = Debug|Any CPU
		{12933D61-8ED5-4A31-B70E-16D0DF5F870A}.Release|Any CPU.ActiveCfg = Release|Any CPU
		{12933D61-8ED5-4A31-B70E-16D0DF5F870A}.Release|Any CPU.Build.0 = Release|Any CPU
		{84EF0D91-575E-4D92-88AF-2AA417E63C93}.Debug|Any CPU.ActiveCfg = Debug|Any CPU
		{84EF0D91-575E-4D92-88AF-2AA417E63C93}.Debug|Any CPU.Build.0 = Debug|Any CPU
		{84EF0D91-575E-4D92-88AF-2AA417E63C93}.Release|Any CPU.ActiveCfg = Release|Any CPU
		{84EF0D91-575E-4D92-88AF-2AA417E63C93}.Release|Any CPU.Build.0 = Release|Any CPU
		{0F0EA121-BA33-44E6-BDE0-97B9D3454DA8}.Debug|Any CPU.ActiveCfg = Debug|Any CPU
		{0F0EA121-BA33-44E6-BDE0-97B9D3454DA8}.Debug|Any CPU.Build.0 = Debug|Any CPU
		{0F0EA121-BA33-44E6-BDE0-97B9D3454DA8}.Release|Any CPU.ActiveCfg = Release|Any CPU
		{0F0EA121-BA33-44E6-BDE0-97B9D3454DA8}.Release|Any CPU.Build.0 = Release|Any CPU
		{188CF324-AA27-46DE-A707-F97B5A8FC03C}.Debug|Any CPU.ActiveCfg = Debug|Any CPU
		{188CF324-AA27-46DE-A707-F97B5A8FC03C}.Debug|Any CPU.Build.0 = Debug|Any CPU
		{188CF324-AA27-46DE-A707-F97B5A8FC03C}.Release|Any CPU.ActiveCfg = Release|Any CPU
		{188CF324-AA27-46DE-A707-F97B5A8FC03C}.Release|Any CPU.Build.0 = Release|Any CPU
		{2798A444-A71F-4B1F-8542-048D4674A458}.Debug|Any CPU.ActiveCfg = Debug|Any CPU
		{2798A444-A71F-4B1F-8542-048D4674A458}.Debug|Any CPU.Build.0 = Debug|Any CPU
		{2798A444-A71F-4B1F-8542-048D4674A458}.Release|Any CPU.ActiveCfg = Release|Any CPU
		{2798A444-A71F-4B1F-8542-048D4674A458}.Release|Any CPU.Build.0 = Release|Any CPU
		{5C2E8BA4-F6F0-4305-9BD9-D4722F04FCE3}.Debug|Any CPU.ActiveCfg = Debug|Any CPU
		{5C2E8BA4-F6F0-4305-9BD9-D4722F04FCE3}.Debug|Any CPU.Build.0 = Debug|Any CPU
		{5C2E8BA4-F6F0-4305-9BD9-D4722F04FCE3}.Release|Any CPU.ActiveCfg = Release|Any CPU
		{5C2E8BA4-F6F0-4305-9BD9-D4722F04FCE3}.Release|Any CPU.Build.0 = Release|Any CPU
		{2B12649C-886A-4F7C-A35E-ACEE97913E46}.Debug|Any CPU.ActiveCfg = Debug|Any CPU
		{2B12649C-886A-4F7C-A35E-ACEE97913E46}.Debug|Any CPU.Build.0 = Debug|Any CPU
		{2B12649C-886A-4F7C-A35E-ACEE97913E46}.Release|Any CPU.ActiveCfg = Release|Any CPU
		{2B12649C-886A-4F7C-A35E-ACEE97913E46}.Release|Any CPU.Build.0 = Release|Any CPU
		{2DCF053A-B02A-4B79-A8E4-78AE9399D7F7}.Debug|Any CPU.ActiveCfg = Debug|Any CPU
		{2DCF053A-B02A-4B79-A8E4-78AE9399D7F7}.Debug|Any CPU.Build.0 = Debug|Any CPU
		{2DCF053A-B02A-4B79-A8E4-78AE9399D7F7}.Release|Any CPU.ActiveCfg = Release|Any CPU
		{2DCF053A-B02A-4B79-A8E4-78AE9399D7F7}.Release|Any CPU.Build.0 = Release|Any CPU
	EndGlobalSection
	GlobalSection(SolutionProperties) = preSolution
		HideSolutionNode = FALSE
	EndGlobalSection
	GlobalSection(NestedProjects) = preSolution
		{E7610A97-7739-4C54-9374-3E3EEB00F054} = {FA87BD4F-12CE-4F9A-9810-42ED35DA330B}
		{F06964F6-75ED-4C4F-93F3-242C08AF6637} = {79F213BA-EB01-4D00-85D8-DBE99A674138}
		{FAB64F66-334F-4C15-B017-C3626007C3FA} = {79F213BA-EB01-4D00-85D8-DBE99A674138}
		{CFFED2F0-A0A1-4CA8-BBF5-B1CC6982A50A} = {F06964F6-75ED-4C4F-93F3-242C08AF6637}
		{12933D61-8ED5-4A31-B70E-16D0DF5F870A} = {F06964F6-75ED-4C4F-93F3-242C08AF6637}
		{84EF0D91-575E-4D92-88AF-2AA417E63C93} = {E7610A97-7739-4C54-9374-3E3EEB00F054}
		{0F0EA121-BA33-44E6-BDE0-97B9D3454DA8} = {E7610A97-7739-4C54-9374-3E3EEB00F054}
		{188CF324-AA27-46DE-A707-F97B5A8FC03C} = {79F213BA-EB01-4D00-85D8-DBE99A674138}
		{2798A444-A71F-4B1F-8542-048D4674A458} = {79F213BA-EB01-4D00-85D8-DBE99A674138}
		{5C2E8BA4-F6F0-4305-9BD9-D4722F04FCE3} = {56951822-5520-4E26-B824-21D09275BF64}
		{2B12649C-886A-4F7C-A35E-ACEE97913E46} = {FAB64F66-334F-4C15-B017-C3626007C3FA}
		{2DCF053A-B02A-4B79-A8E4-78AE9399D7F7} = {E7610A97-7739-4C54-9374-3E3EEB00F054}
	EndGlobalSection
EndGlobal
